// !$*UTF8*$!
{
	archiveVersion = 1;
	classes = {
	};
	objectVersion = 46;
	objects = {

/* Begin PBXBuildFile section */
		A00246AD18D7BE0300E0BE78 /* Foundation.framework in Frameworks */ = {isa = PBXBuildFile; fileRef = A00246AC18D7BE0300E0BE78 /* Foundation.framework */; };
		A00246AF18D7BE0300E0BE78 /* CoreGraphics.framework in Frameworks */ = {isa = PBXBuildFile; fileRef = A00246AE18D7BE0300E0BE78 /* CoreGraphics.framework */; };
		A00246B118D7BE0300E0BE78 /* UIKit.framework in Frameworks */ = {isa = PBXBuildFile; fileRef = A00246B018D7BE0300E0BE78 /* UIKit.framework */; };
		A00246B318D7BE0300E0BE78 /* SpriteKit.framework in Frameworks */ = {isa = PBXBuildFile; fileRef = A00246B218D7BE0300E0BE78 /* SpriteKit.framework */; };
		A00246B918D7BE0300E0BE78 /* InfoPlist.strings in Resources */ = {isa = PBXBuildFile; fileRef = A00246B718D7BE0300E0BE78 /* InfoPlist.strings */; };
		A00246BB18D7BE0300E0BE78 /* main.m in Sources */ = {isa = PBXBuildFile; fileRef = A00246BA18D7BE0300E0BE78 /* main.m */; };
		A00246BF18D7BE0300E0BE78 /* AppDelegate.m in Sources */ = {isa = PBXBuildFile; fileRef = A00246BE18D7BE0300E0BE78 /* AppDelegate.m */; };
		A00246C218D7BE0300E0BE78 /* Main.storyboard in Resources */ = {isa = PBXBuildFile; fileRef = A00246C018D7BE0300E0BE78 /* Main.storyboard */; };
		A00246C518D7BE0300E0BE78 /* ViewController.m in Sources */ = {isa = PBXBuildFile; fileRef = A00246C418D7BE0300E0BE78 /* ViewController.m */; };
		A00246C818D7BE0300E0BE78 /* MyScene.m in Sources */ = {isa = PBXBuildFile; fileRef = A00246C718D7BE0300E0BE78 /* MyScene.m */; };
		A00246CC18D7BE0300E0BE78 /* Images.xcassets in Resources */ = {isa = PBXBuildFile; fileRef = A00246CB18D7BE0300E0BE78 /* Images.xcassets */; };
		A00246EB18D7C05D00E0BE78 /* ISParallaxNode.m in Sources */ = {isa = PBXBuildFile; fileRef = A00246EA18D7C05D00E0BE78 /* ISParallaxNode.m */; };
		A00246FF18D99B2100E0BE78 /* ISUtils.mm in Sources */ = {isa = PBXBuildFile; fileRef = A00246FD18D99B2100E0BE78 /* ISUtils.mm */; };
		A05A093A18E108180062C06E /* ISParallaxLayer.m in Sources */ = {isa = PBXBuildFile; fileRef = A05A093918E108180062C06E /* ISParallaxLayer.m */; };
/* End PBXBuildFile section */

/* Begin PBXFileReference section */
		A00246A918D7BE0300E0BE78 /* Example.app */ = {isa = PBXFileReference; explicitFileType = wrapper.application; includeInIndex = 0; path = Example.app; sourceTree = BUILT_PRODUCTS_DIR; };
		A00246AC18D7BE0300E0BE78 /* Foundation.framework */ = {isa = PBXFileReference; lastKnownFileType = wrapper.framework; name = Foundation.framework; path = System/Library/Frameworks/Foundation.framework; sourceTree = SDKROOT; };
		A00246AE18D7BE0300E0BE78 /* CoreGraphics.framework */ = {isa = PBXFileReference; lastKnownFileType = wrapper.framework; name = CoreGraphics.framework; path = System/Library/Frameworks/CoreGraphics.framework; sourceTree = SDKROOT; };
		A00246B018D7BE0300E0BE78 /* UIKit.framework */ = {isa = PBXFileReference; lastKnownFileType = wrapper.framework; name = UIKit.framework; path = System/Library/Frameworks/UIKit.framework; sourceTree = SDKROOT; };
		A00246B218D7BE0300E0BE78 /* SpriteKit.framework */ = {isa = PBXFileReference; lastKnownFileType = wrapper.framework; name = SpriteKit.framework; path = System/Library/Frameworks/SpriteKit.framework; sourceTree = SDKROOT; };
		A00246B618D7BE0300E0BE78 /* Example-Info.plist */ = {isa = PBXFileReference; lastKnownFileType = text.plist.xml; path = "Example-Info.plist"; sourceTree = "<group>"; };
		A00246B818D7BE0300E0BE78 /* en */ = {isa = PBXFileReference; lastKnownFileType = text.plist.strings; name = en; path = en.lproj/InfoPlist.strings; sourceTree = "<group>"; };
		A00246BA18D7BE0300E0BE78 /* main.m */ = {isa = PBXFileReference; lastKnownFileType = sourcecode.c.objc; path = main.m; sourceTree = "<group>"; };
		A00246BC18D7BE0300E0BE78 /* Example-Prefix.pch */ = {isa = PBXFileReference; lastKnownFileType = sourcecode.c.h; path = "Example-Prefix.pch"; sourceTree = "<group>"; };
		A00246BD18D7BE0300E0BE78 /* AppDelegate.h */ = {isa = PBXFileReference; lastKnownFileType = sourcecode.c.h; path = AppDelegate.h; sourceTree = "<group>"; };
		A00246BE18D7BE0300E0BE78 /* AppDelegate.m */ = {isa = PBXFileReference; lastKnownFileType = sourcecode.c.objc; path = AppDelegate.m; sourceTree = "<group>"; };
		A00246C118D7BE0300E0BE78 /* Base */ = {isa = PBXFileReference; lastKnownFileType = file.storyboard; name = Base; path = Base.lproj/Main.storyboard; sourceTree = "<group>"; };
		A00246C318D7BE0300E0BE78 /* ViewController.h */ = {isa = PBXFileReference; lastKnownFileType = sourcecode.c.h; path = ViewController.h; sourceTree = "<group>"; };
		A00246C418D7BE0300E0BE78 /* ViewController.m */ = {isa = PBXFileReference; lastKnownFileType = sourcecode.c.objc; path = ViewController.m; sourceTree = "<group>"; };
		A00246C618D7BE0300E0BE78 /* MyScene.h */ = {isa = PBXFileReference; lastKnownFileType = sourcecode.c.h; path = MyScene.h; sourceTree = "<group>"; };
		A00246C718D7BE0300E0BE78 /* MyScene.m */ = {isa = PBXFileReference; lastKnownFileType = sourcecode.c.objc; path = MyScene.m; sourceTree = "<group>"; };
		A00246CB18D7BE0300E0BE78 /* Images.xcassets */ = {isa = PBXFileReference; lastKnownFileType = folder.assetcatalog; path = Images.xcassets; sourceTree = "<group>"; };
		A00246D218D7BE0300E0BE78 /* XCTest.framework */ = {isa = PBXFileReference; lastKnownFileType = wrapper.framework; name = XCTest.framework; path = Library/Frameworks/XCTest.framework; sourceTree = DEVELOPER_DIR; };
		A00246E918D7C05D00E0BE78 /* ISParallaxNode.h */ = {isa = PBXFileReference; fileEncoding = 4; lastKnownFileType = sourcecode.c.h; path = ISParallaxNode.h; sourceTree = "<group>"; };
		A00246EA18D7C05D00E0BE78 /* ISParallaxNode.m */ = {isa = PBXFileReference; fileEncoding = 4; lastKnownFileType = sourcecode.c.objc; path = ISParallaxNode.m; sourceTree = "<group>"; };
		A00246FD18D99B2100E0BE78 /* ISUtils.mm */ = {isa = PBXFileReference; fileEncoding = 4; lastKnownFileType = sourcecode.cpp.objcpp; path = ISUtils.mm; sourceTree = "<group>"; };
		A00246FE18D99B2100E0BE78 /* ISUtils.h */ = {isa = PBXFileReference; fileEncoding = 4; lastKnownFileType = sourcecode.c.h; path = ISUtils.h; sourceTree = "<group>"; };
		A05A093818E108180062C06E /* ISParallaxLayer.h */ = {isa = PBXFileReference; fileEncoding = 4; lastKnownFileType = sourcecode.c.h; path = ISParallaxLayer.h; sourceTree = "<group>"; };
		A05A093918E108180062C06E /* ISParallaxLayer.m */ = {isa = PBXFileReference; fileEncoding = 4; lastKnownFileType = sourcecode.c.objc; path = ISParallaxLayer.m; sourceTree = "<group>"; };
/* End PBXFileReference section */

/* Begin PBXFrameworksBuildPhase section */
		A00246A618D7BE0300E0BE78 /* Frameworks */ = {
			isa = PBXFrameworksBuildPhase;
			buildActionMask = 2147483647;
			files = (
				A00246AF18D7BE0300E0BE78 /* CoreGraphics.framework in Frameworks */,
				A00246B118D7BE0300E0BE78 /* UIKit.framework in Frameworks */,
				A00246B318D7BE0300E0BE78 /* SpriteKit.framework in Frameworks */,
				A00246AD18D7BE0300E0BE78 /* Foundation.framework in Frameworks */,
			);
			runOnlyForDeploymentPostprocessing = 0;
		};
/* End PBXFrameworksBuildPhase section */

/* Begin PBXGroup section */
		A00246A018D7BE0300E0BE78 = {
			isa = PBXGroup;
			children = (
				A00246E818D7BFDF00E0BE78 /* ISSpriteKit */,
				A00246B418D7BE0300E0BE78 /* Example */,
				A00246AB18D7BE0300E0BE78 /* Frameworks */,
				A00246AA18D7BE0300E0BE78 /* Products */,
			);
			sourceTree = "<group>";
		};
		A00246AA18D7BE0300E0BE78 /* Products */ = {
			isa = PBXGroup;
			children = (
				A00246A918D7BE0300E0BE78 /* Example.app */,
			);
			name = Products;
			sourceTree = "<group>";
		};
		A00246AB18D7BE0300E0BE78 /* Frameworks */ = {
			isa = PBXGroup;
			children = (
				A00246AC18D7BE0300E0BE78 /* Foundation.framework */,
				A00246AE18D7BE0300E0BE78 /* CoreGraphics.framework */,
				A00246B018D7BE0300E0BE78 /* UIKit.framework */,
				A00246B218D7BE0300E0BE78 /* SpriteKit.framework */,
				A00246D218D7BE0300E0BE78 /* XCTest.framework */,
			);
			name = Frameworks;
			sourceTree = "<group>";
		};
		A00246B418D7BE0300E0BE78 /* Example */ = {
			isa = PBXGroup;
			children = (
				A00246BD18D7BE0300E0BE78 /* AppDelegate.h */,
				A00246BE18D7BE0300E0BE78 /* AppDelegate.m */,
				A00246C018D7BE0300E0BE78 /* Main.storyboard */,
				A00246C318D7BE0300E0BE78 /* ViewController.h */,
				A00246C418D7BE0300E0BE78 /* ViewController.m */,
				A00246C618D7BE0300E0BE78 /* MyScene.h */,
				A00246C718D7BE0300E0BE78 /* MyScene.m */,
				A00246CB18D7BE0300E0BE78 /* Images.xcassets */,
				A00246B518D7BE0300E0BE78 /* Supporting Files */,
			);
			path = Example;
			sourceTree = "<group>";
		};
		A00246B518D7BE0300E0BE78 /* Supporting Files */ = {
			isa = PBXGroup;
			children = (
				A00246B618D7BE0300E0BE78 /* Example-Info.plist */,
				A00246B718D7BE0300E0BE78 /* InfoPlist.strings */,
				A00246BA18D7BE0300E0BE78 /* main.m */,
				A00246BC18D7BE0300E0BE78 /* Example-Prefix.pch */,
			);
			name = "Supporting Files";
			sourceTree = "<group>";
		};
		A00246E818D7BFDF00E0BE78 /* ISSpriteKit */ = {
			isa = PBXGroup;
			children = (
				A05A093818E108180062C06E /* ISParallaxLayer.h */,
				A05A093918E108180062C06E /* ISParallaxLayer.m */,
				A00246E918D7C05D00E0BE78 /* ISParallaxNode.h */,
				A00246EA18D7C05D00E0BE78 /* ISParallaxNode.m */,
				A00246FD18D99B2100E0BE78 /* ISUtils.mm */,
				A00246FE18D99B2100E0BE78 /* ISUtils.h */,
			);
			path = ISSpriteKit;
			sourceTree = "<group>";
		};
/* End PBXGroup section */

/* Begin PBXNativeTarget section */
		A00246A818D7BE0300E0BE78 /* Example */ = {
			isa = PBXNativeTarget;
			buildConfigurationList = A00246E218D7BE0300E0BE78 /* Build configuration list for PBXNativeTarget "Example" */;
			buildPhases = (
				A00246A518D7BE0300E0BE78 /* Sources */,
				A00246A618D7BE0300E0BE78 /* Frameworks */,
				A00246A718D7BE0300E0BE78 /* Resources */,
			);
			buildRules = (
			);
			dependencies = (
			);
			name = Example;
			productName = Example;
			productReference = A00246A918D7BE0300E0BE78 /* Example.app */;
			productType = "com.apple.product-type.application";
		};
/* End PBXNativeTarget section */

/* Begin PBXProject section */
		A00246A118D7BE0300E0BE78 /* Project object */ = {
			isa = PBXProject;
			attributes = {
				LastUpgradeCheck = 0510;
				ORGANIZATIONNAME = "Iguana Studios";
			};
			buildConfigurationList = A00246A418D7BE0300E0BE78 /* Build configuration list for PBXProject "Example" */;
			compatibilityVersion = "Xcode 3.2";
			developmentRegion = English;
			hasScannedForEncodings = 0;
			knownRegions = (
				en,
				Base,
			);
			mainGroup = A00246A018D7BE0300E0BE78;
			productRefGroup = A00246AA18D7BE0300E0BE78 /* Products */;
			projectDirPath = "";
			projectRoot = "";
			targets = (
				A00246A818D7BE0300E0BE78 /* Example */,
			);
		};
/* End PBXProject section */

/* Begin PBXResourcesBuildPhase section */
		A00246A718D7BE0300E0BE78 /* Resources */ = {
			isa = PBXResourcesBuildPhase;
			buildActionMask = 2147483647;
			files = (
				A00246B918D7BE0300E0BE78 /* InfoPlist.strings in Resources */,
				A00246CC18D7BE0300E0BE78 /* Images.xcassets in Resources */,
				A00246C218D7BE0300E0BE78 /* Main.storyboard in Resources */,
			);
			runOnlyForDeploymentPostprocessing = 0;
		};
/* End PBXResourcesBuildPhase section */

/* Begin PBXSourcesBuildPhase section */
		A00246A518D7BE0300E0BE78 /* Sources */ = {
			isa = PBXSourcesBuildPhase;
			buildActionMask = 2147483647;
			files = (
				A00246C818D7BE0300E0BE78 /* MyScene.m in Sources */,
				A05A093A18E108180062C06E /* ISParallaxLayer.m in Sources */,
				A00246FF18D99B2100E0BE78 /* ISUtils.mm in Sources */,
				A00246C518D7BE0300E0BE78 /* ViewController.m in Sources */,
				A00246BF18D7BE0300E0BE78 /* AppDelegate.m in Sources */,
				A00246BB18D7BE0300E0BE78 /* main.m in Sources */,
				A00246EB18D7C05D00E0BE78 /* ISParallaxNode.m in Sources */,
			);
			runOnlyForDeploymentPostprocessing = 0;
		};
/* End PBXSourcesBuildPhase section */

/* Begin PBXVariantGroup section */
		A00246B718D7BE0300E0BE78 /* InfoPlist.strings */ = {
			isa = PBXVariantGroup;
			children = (
				A00246B818D7BE0300E0BE78 /* en */,
			);
			name = InfoPlist.strings;
			sourceTree = "<group>";
		};
		A00246C018D7BE0300E0BE78 /* Main.storyboard */ = {
			isa = PBXVariantGroup;
			children = (
				A00246C118D7BE0300E0BE78 /* Base */,
			);
			name = Main.storyboard;
			sourceTree = "<group>";
		};
/* End PBXVariantGroup section */

/* Begin XCBuildConfiguration section */
		A00246E018D7BE0300E0BE78 /* Debug */ = {
			isa = XCBuildConfiguration;
			buildSettings = {
				ALWAYS_SEARCH_USER_PATHS = NO;
				CLANG_CXX_LANGUAGE_STANDARD = "gnu++0x";
				CLANG_CXX_LIBRARY = "libc++";
				CLANG_ENABLE_MODULES = YES;
				CLANG_ENABLE_OBJC_ARC = YES;
				CLANG_WARN_BOOL_CONVERSION = YES;
				CLANG_WARN_CONSTANT_CONVERSION = YES;
				CLANG_WARN_DIRECT_OBJC_ISA_USAGE = YES_ERROR;
				CLANG_WARN_EMPTY_BODY = YES;
				CLANG_WARN_ENUM_CONVERSION = YES;
				CLANG_WARN_INT_CONVERSION = YES;
				CLANG_WARN_OBJC_ROOT_CLASS = YES_ERROR;
				CLANG_WARN__DUPLICATE_METHOD_MATCH = YES;
				"CODE_SIGN_IDENTITY[sdk=iphoneos*]" = "iPhone Developer";
				COPY_PHASE_STRIP = NO;
				GCC_C_LANGUAGE_STANDARD = gnu99;
				GCC_DYNAMIC_NO_PIC = NO;
				GCC_OPTIMIZATION_LEVEL = 0;
				GCC_PREPROCESSOR_DEFINITIONS = (
					"DEBUG=1",
					"$(inherited)",
				);
				GCC_SYMBOLS_PRIVATE_EXTERN = NO;
				GCC_WARN_64_TO_32_BIT_CONVERSION = YES;
				GCC_WARN_ABOUT_RETURN_TYPE = YES_ERROR;
				GCC_WARN_UNDECLARED_SELECTOR = YES;
				GCC_WARN_UNINITIALIZED_AUTOS = YES_AGGRESSIVE;
				GCC_WARN_UNUSED_FUNCTION = YES;
				GCC_WARN_UNUSED_VARIABLE = YES;
				IPHONEOS_DEPLOYMENT_TARGET = 7.1;
				ONLY_ACTIVE_ARCH = YES;
				SDKROOT = iphoneos;
			};
			name = Debug;
		};
		A00246E118D7BE0300E0BE78 /* Release */ = {
			isa = XCBuildConfiguration;
			buildSettings = {
				ALWAYS_SEARCH_USER_PATHS = NO;
				CLANG_CXX_LANGUAGE_STANDARD = "gnu++0x";
				CLANG_CXX_LIBRARY = "libc++";
				CLANG_ENABLE_MODULES = YES;
				CLANG_ENABLE_OBJC_ARC = YES;
				CLANG_WARN_BOOL_CONVERSION = YES;
				CLANG_WARN_CONSTANT_CONVERSION = YES;
				CLANG_WARN_DIRECT_OBJC_ISA_USAGE = YES_ERROR;
				CLANG_WARN_EMPTY_BODY = YES;
				CLANG_WARN_ENUM_CONVERSION = YES;
				CLANG_WARN_INT_CONVERSION = YES;
				CLANG_WARN_OBJC_ROOT_CLASS = YES_ERROR;
				CLANG_WARN__DUPLICATE_METHOD_MATCH = YES;
				"CODE_SIGN_IDENTITY[sdk=iphoneos*]" = "iPhone Developer";
				COPY_PHASE_STRIP = YES;
				ENABLE_NS_ASSERTIONS = NO;
				GCC_C_LANGUAGE_STANDARD = gnu99;
				GCC_WARN_64_TO_32_BIT_CONVERSION = YES;
				GCC_WARN_ABOUT_RETURN_TYPE = YES_ERROR;
				GCC_WARN_UNDECLARED_SELECTOR = YES;
				GCC_WARN_UNINITIALIZED_AUTOS = YES_AGGRESSIVE;
				GCC_WARN_UNUSED_FUNCTION = YES;
				GCC_WARN_UNUSED_VARIABLE = YES;
				IPHONEOS_DEPLOYMENT_TARGET = 7.1;
				SDKROOT = iphoneos;
				VALIDATE_PRODUCT = YES;
			};
			name = Release;
		};
		A00246E318D7BE0300E0BE78 /* Debug */ = {
			isa = XCBuildConfiguration;
			buildSettings = {
				ASSETCATALOG_COMPILER_APPICON_NAME = AppIcon;
				ASSETCATALOG_COMPILER_LAUNCHIMAGE_NAME = LaunchImage;
				GCC_PRECOMPILE_PREFIX_HEADER = YES;
				GCC_PREFIX_HEADER = "Example/Example-Prefix.pch";
				INFOPLIST_FILE = "Example/Example-Info.plist";
				PRODUCT_NAME = "$(TARGET_NAME)";
				SPRITEKIT_TEXTURE_ATLAS_OUTPUT = YES;
				WRAPPER_EXTENSION = app;
			};
			name = Debug;
		};
		A00246E418D7BE0300E0BE78 /* Release */ = {
			isa = XCBuildConfiguration;
			buildSettings = {
				ASSETCATALOG_COMPILER_APPICON_NAME = AppIcon;
				ASSETCATALOG_COMPILER_LAUNCHIMAGE_NAME = LaunchImage;
				GCC_PRECOMPILE_PREFIX_HEADER = YES;
				GCC_PREFIX_HEADER = "Example/Example-Prefix.pch";
				INFOPLIST_FILE = "Example/Example-Info.plist";
				PRODUCT_NAME = "$(TARGET_NAME)";
				SPRITEKIT_TEXTURE_ATLAS_OUTPUT = YES;
				WRAPPER_EXTENSION = app;
			};
			name = Release;
		};
/* End XCBuildConfiguration section */

/* Begin XCConfigurationList section */
		A00246A418D7BE0300E0BE78 /* Build configuration list for PBXProject "Example" */ = {
			isa = XCConfigurationList;
			buildConfigurations = (
				A00246E018D7BE0300E0BE78 /* Debug */,
				A00246E118D7BE0300E0BE78 /* Release */,
			);
			defaultConfigurationIsVisible = 0;
			defaultConfigurationName = Release;
		};
		A00246E218D7BE0300E0BE78 /* Build configuration list for PBXNativeTarget "Example" */ = {
			isa = XCConfigurationList;
			buildConfigurations = (
				A00246E318D7BE0300E0BE78 /* Debug */,
				A00246E418D7BE0300E0BE78 /* Release */,
			);
			defaultConfigurationIsVisible = 0;
			defaultConfigurationName = Release;
		};
/* End XCConfigurationList section */
	};
	rootObject = A00246A118D7BE0300E0BE78 /* Project object */;
}
